
Microsoft Visual Studio Solution File, Format Version 12.00
# Visual Studio 2013
VisualStudioVersion = 12.0.31101.0
MinimumVisualStudioVersion = 10.0.40219.1
Project("{FAE04EC0-301F-11D3-BF4B-00C04F79EFBC}") = "PluginHost", "PluginHost\PluginHost.csproj", "{80D7D5EF-F856-4A55-840B-0D07E7FD1718}"
EndProject
Project("{FAE04EC0-301F-11D3-BF4B-00C04F79EFBC}") = "PluginHost.Interface", "PluginHost.Interface\PluginHost.Interface.csproj", "{19B4A837-8E9A-47DC-8A59-1C8A39C42537}"
EndProject
Project("{FAE04EC0-301F-11D3-BF4B-00C04F79EFBC}") = "PluginHost.Extensions", "PluginHost.Extensions\PluginHost.Extensions.csproj", "{653947DE-DFC6-4327-9AAA-C9EB494BFFF2}"
EndProject
Project("{FAE04EC0-301F-11D3-BF4B-00C04F79EFBC}") = "PluginHost.Heartbeat", "PluginHost.Heartbeat\PluginHost.Heartbeat.csproj", "{58513877-F118-4FEC-ABE3-6A34D0111BF8}"
EndProject
Project("{2150E333-8FDC-42A3-9474-1A3956D46DE8}") = "Documentation", "Documentation", "{4DA93C22-1545-486C-A916-812A1AFCDD70}"
	ProjectSection(SolutionItems) = preProject
		README.md = README.md
	EndProjectSection
EndProject
Project("{FAE04EC0-301F-11D3-BF4B-00C04F79EFBC}") = "PluginHost.App", "PluginHost.App\PluginHost.App.csproj", "{527F2C2D-DF08-4EA6-A584-FA2BF96F3648}"
EndProject
Project("{FAE04EC0-301F-11D3-BF4B-00C04F79EFBC}") = "SharpTools.Configuration", "SharpTools.Configuration\SharpTools.Configuration.csproj", "{D679957D-682F-43DC-AC4C-A061C1226263}"
EndProject
Global
	GlobalSection(SolutionConfigurationPlatforms) = preSolution
		Debug|Any CPU = Debug|Any CPU
		Release|Any CPU = Release|Any CPU
	EndGlobalSection
	GlobalSection(ProjectConfigurationPlatforms) = postSolution
		{80D7D5EF-F856-4A55-840B-0D07E7FD1718}.Debug|Any CPU.ActiveCfg = Debug|Any CPU
		{80D7D5EF-F856-4A55-840B-0D07E7FD1718}.Debug|Any CPU.Build.0 = Debug|Any CPU
		{80D7D5EF-F856-4A55-840B-0D07E7FD1718}.Release|Any CPU.ActiveCfg = Release|Any CPU
		{80D7D5EF-F856-4A55-840B-0D07E7FD1718}.Release|Any CPU.Build.0 = Release|Any CPU
		{19B4A837-8E9A-47DC-8A59-1C8A39C42537}.Debug|Any CPU.ActiveCfg = Debug|Any CPU
		{19B4A837-8E9A-47DC-8A59-1C8A39C42537}.Debug|Any CPU.Build.0 = Debug|Any CPU
		{19B4A837-8E9A-47DC-8A59-1C8A39C42537}.Release|Any CPU.ActiveCfg = Release|Any CPU
		{19B4A837-8E9A-47DC-8A59-1C8A39C42537}.Release|Any CPU.Build.0 = Release|Any CPU
		{653947DE-DFC6-4327-9AAA-C9EB494BFFF2}.Debug|Any CPU.ActiveCfg = Debug|Any CPU
		{653947DE-DFC6-4327-9AAA-C9EB494BFFF2}.Debug|Any CPU.Build.0 = Debug|Any CPU
		{653947DE-DFC6-4327-9AAA-C9EB494BFFF2}.Release|Any CPU.ActiveCfg = Release|Any CPU
		{653947DE-DFC6-4327-9AAA-C9EB494BFFF2}.Release|Any CPU.Build.0 = Release|Any CPU
		{58513877-F118-4FEC-ABE3-6A34D0111BF8}.Debug|Any CPU.ActiveCfg = Debug|Any CPU
		{58513877-F118-4FEC-ABE3-6A34D0111BF8}.Debug|Any CPU.Build.0 = Debug|Any CPU
		{58513877-F118-4FEC-ABE3-6A34D0111BF8}.Release|Any CPU.ActiveCfg = Release|Any CPU
		{58513877-F118-4FEC-ABE3-6A34D0111BF8}.Release|Any CPU.Build.0 = Release|Any CPU
		{527F2C2D-DF08-4EA6-A584-FA2BF96F3648}.Debug|Any CPU.ActiveCfg = Debug|Any CPU
		{527F2C2D-DF08-4EA6-A584-FA2BF96F3648}.Debug|Any CPU.Build.0 = Debug|Any CPU
		{527F2C2D-DF08-4EA6-A584-FA2BF96F3648}.Release|Any CPU.ActiveCfg = Release|Any CPU
		{527F2C2D-DF08-4EA6-A584-FA2BF96F3648}.Release|Any CPU.Build.0 = Release|Any CPU
		{D679957D-682F-43DC-AC4C-A061C1226263}.Debug|Any CPU.ActiveCfg = Debug|Any CPU
		{D679957D-682F-43DC-AC4C-A061C1226263}.Debug|Any CPU.Build.0 = Debug|Any CPU
		{D679957D-682F-43DC-AC4C-A061C1226263}.Release|Any CPU.ActiveCfg = Release|Any CPU
		{D679957D-682F-43DC-AC4C-A061C1226263}.Release|Any CPU.Build.0 = Release|Any CPU
	EndGlobalSection
	GlobalSection(SolutionProperties) = preSolution
		HideSolutionNode = FALSE
	EndGlobalSection
EndGlobal
